// !$*UTF8*$!
{
	archiveVersion = 1;
	classes = {
	};
	objectVersion = 77;
	objects = {

/* Begin PBXBuildFile section */
		10AC3B03F6974CE6851AD458 /* LaunchScreen.swift in Sources */ = {isa = PBXBuildFile; fileRef = 09D15D348176408CBBE5F5FE /* LaunchScreen.swift */; };
		E97FCC00DFFF4B2448DCBBFD /* TermsView.swift in Sources */ = {isa = PBXBuildFile; fileRef = 66095D0FE7267251BDB13C9C /* TermsView.swift */; };
		8719EABC26E26CB8A553140E /* PrivacyPolicyView.swift in Sources */ = {isa = PBXBuildFile; fileRef = 5C47D0EDC65769007DE9DE43 /* PrivacyPolicyView.swift */; };
		64C6F3562F17AC090019AC77 /* Assets.xcassets in Resources */ = {isa = PBXBuildFile; fileRef = 64C6F3382F17AC090019AC77 /* Assets.xcassets */; };
		64C6F3572F17AC090019AC77 /* FlowImportView.swift in Sources */ = {isa = PBXBuildFile; fileRef = 64C6F3422F17AC090019AC77 /* FlowImportView.swift */; };
		64C6F3582F17AC090019AC77 /* DiaryFormView.swift in Sources */ = {isa = PBXBuildFile; fileRef = 64C6F33E2F17AC090019AC77 /* DiaryFormView.swift */; };
		64C6F3592F17AC090019AC77 /* YourBJJApp.swift in Sources */ = {isa = PBXBuildFile; fileRef = 64C6F33B2F17AC090019AC77 /* YourBJJApp.swift */; };
		64C6F35A2F17AC090019AC77 /* FlowsView.swift in Sources */ = {isa = PBXBuildFile; fileRef = 64C6F3442F17AC090019AC77 /* FlowsView.swift */; };
		64C6F35B2F17AC090019AC77 /* TechniqueDetailView.swift in Sources */ = {isa = PBXBuildFile; fileRef = 64C6F34E2F17AC090019AC77 /* TechniqueDetailView.swift */; };
		64C6F35C2F17AC090019AC77 /* Theme.swift in Sources */ = {isa = PBXBuildFile; fileRef = 64C6F3522F17AC090019AC77 /* Theme.swift */; };
		64C6F35D2F17AC090019AC77 /* Tabs.swift in Sources */ = {isa = PBXBuildFile; fileRef = 64C6F34D2F17AC090019AC77 /* Tabs.swift */; };
		64C6F35E2F17AC090019AC77 /* PremiumManager.swift in Sources */ = {isa = PBXBuildFile; fileRef = 64C6F3492F17AC090019AC77 /* PremiumManager.swift */; };
		64C6F35F2F17AC090019AC77 /* DiaryView.swift in Sources */ = {isa = PBXBuildFile; fileRef = 64C6F33F2F17AC090019AC77 /* DiaryView.swift */; };
		64C6F3602F17AC090019AC77 /* TechniqueFormView.swift in Sources */ = {isa = PBXBuildFile; fileRef = 64C6F3502F17AC090019AC77 /* TechniqueFormView.swift */; };
		64C6F3612F17AC090019AC77 /* SettingsView.swift in Sources */ = {isa = PBXBuildFile; fileRef = 64C6F34A2F17AC090019AC77 /* SettingsView.swift */; };
		64C6F3622F17AC090019AC77 /* FlowExportView.swift in Sources */ = {isa = PBXBuildFile; fileRef = 64C6F3412F17AC090019AC77 /* FlowExportView.swift */; };
		64C6F3632F17AC090019AC77 /* GroupsView.swift in Sources */ = {isa = PBXBuildFile; fileRef = 64C6F3452F17AC090019AC77 /* GroupsView.swift */; };
		64C6F3642F17AC090019AC77 /* Models.swift in Sources */ = {isa = PBXBuildFile; fileRef = 64C6F3472F17AC090019AC77 /* Models.swift */; };
		64C6F3652F17AC090019AC77 /* SupabaseService.swift in Sources */ = {isa = PBXBuildFile; fileRef = 64C6F34C2F17AC090019AC77 /* SupabaseService.swift */; };
		64C6F3662F17AC090019AC77 /* AuthView.swift in Sources */ = {isa = PBXBuildFile; fileRef = 64C6F33A2F17AC090019AC77 /* AuthView.swift */; };
		64C6F3672F17AC090019AC77 /* TechniqueForm.swift in Sources */ = {isa = PBXBuildFile; fileRef = 64C6F34F2F17AC090019AC77 /* TechniqueForm.swift */; };
		64C6F3682F17AC090019AC77 /* SharedViews.swift in Sources */ = {isa = PBXBuildFile; fileRef = 64C6F34B2F17AC090019AC77 /* SharedViews.swift */; };
		64C6F3692F17AC090019AC77 /* TrainingLogForm.swift in Sources */ = {isa = PBXBuildFile; fileRef = 64C6F3532F17AC090019AC77 /* TrainingLogForm.swift */; };
		64C6F36A2F17AC090019AC77 /* UIHelpers.swift in Sources */ = {isa = PBXBuildFile; fileRef = 64C6F3542F17AC090019AC77 /* UIHelpers.swift */; };
		64C6F36B2F17AC090019AC77 /* ContentView.swift in Sources */ = {isa = PBXBuildFile; fileRef = 64C6F33C2F17AC090019AC77 /* ContentView.swift */; };
		64C6F36C2F17AC090019AC77 /* FlowEditorView.swift in Sources */ = {isa = PBXBuildFile; fileRef = 64C6F3402F17AC090019AC77 /* FlowEditorView.swift */; };
		64C6F36D2F17AC090019AC77 /* NotificationsManager.swift in Sources */ = {isa = PBXBuildFile; fileRef = 64C6F3482F17AC090019AC77 /* NotificationsManager.swift */; };
		64C6F36E2F17AC090019AC77 /* AuthService.swift in Sources */ = {isa = PBXBuildFile; fileRef = 64C6F3392F17AC090019AC77 /* AuthService.swift */; };
		64C6F36F2F17AC090019AC77 /* TechniquesView.swift in Sources */ = {isa = PBXBuildFile; fileRef = 64C6F3512F17AC090019AC77 /* TechniquesView.swift */; };
		64C6F3702F17AC090019AC77 /* DiaryDetailView.swift in Sources */ = {isa = PBXBuildFile; fileRef = 64C6F33D2F17AC090019AC77 /* DiaryDetailView.swift */; };
		64C6F3712F17AC090019AC77 /* AdBannerView.swift in Sources */ = {isa = PBXBuildFile; fileRef = 64C6F3362F17AC090019AC77 /* AdBannerView.swift */; };
		64C6F3722F17AC090019AC77 /* FlowShareView.swift in Sources */ = {isa = PBXBuildFile; fileRef = 64C6F3432F17AC090019AC77 /* FlowShareView.swift */; };
		64C6F3732F17AC090019AC77 /* HomeView.swift in Sources */ = {isa = PBXBuildFile; fileRef = 64C6F3462F17AC090019AC77 /* HomeView.swift */; };
		64C6F3742F17AC090019AC77 /* AppViewModel.swift in Sources */ = {isa = PBXBuildFile; fileRef = 64C6F3372F17AC090019AC77 /* AppViewModel.swift */; };
		64C6F3772F17C8980019AC77 /* MediaHelpers.swift in Sources */ = {isa = PBXBuildFile; fileRef = 64C6F3762F17C8980019AC77 /* MediaHelpers.swift */; };
		64C6F3792F17CA200019AC77 /* NotificationView.swift in Sources */ = {isa = PBXBuildFile; fileRef = 64C6F3782F17CA200019AC77 /* NotificationView.swift */; };
		A1B2C3D4E5F60718293A4B5E /* GoogleMobileAds in Frameworks */ = {isa = PBXBuildFile; productRef = A1B2C3D4E5F60718293A4B5D /* GoogleMobileAds */; };
/* End PBXBuildFile section */

/* Begin PBXContainerItemProxy section */
		64C6F2E22F1685C40019AC77 /* PBXContainerItemProxy */ = {
			isa = PBXContainerItemProxy;
			containerPortal = 64C6F2CC2F1685C30019AC77 /* Project object */;
			proxyType = 1;
			remoteGlobalIDString = 64C6F2D32F1685C30019AC77;
			remoteInfo = YourBJJ;
		};
		64C6F2EC2F1685C40019AC77 /* PBXContainerItemProxy */ = {
			isa = PBXContainerItemProxy;
			containerPortal = 64C6F2CC2F1685C30019AC77 /* Project object */;
			proxyType = 1;
			remoteGlobalIDString = 64C6F2D32F1685C30019AC77;
			remoteInfo = YourBJJ;
		};
/* End PBXContainerItemProxy section */

/* Begin PBXFileReference section */
		09D15D348176408CBBE5F5FE /* LaunchScreen.swift */ = {isa = PBXFileReference; lastKnownFileType = sourcecode.swift; path = LaunchScreen.swift; sourceTree = "<group>"; };
		66095D0FE7267251BDB13C9C /* TermsView.swift */ = {isa = PBXFileReference; lastKnownFileType = sourcecode.swift; path = TermsView.swift; sourceTree = "<group>"; };
		5C47D0EDC65769007DE9DE43 /* PrivacyPolicyView.swift */ = {isa = PBXFileReference; lastKnownFileType = sourcecode.swift; path = PrivacyPolicyView.swift; sourceTree = "<group>"; };
		64C6F2D42F1685C30019AC77 /* YourBJJ.app */ = {isa = PBXFileReference; explicitFileType = wrapper.application; includeInIndex = 0; path = YourBJJ.app; sourceTree = BUILT_PRODUCTS_DIR; };
		64C6F2E12F1685C40019AC77 /* YourBJJTests.xctest */ = {isa = PBXFileReference; explicitFileType = wrapper.cfbundle; includeInIndex = 0; path = YourBJJTests.xctest; sourceTree = BUILT_PRODUCTS_DIR; };
		64C6F2EB2F1685C40019AC77 /* YourBJJUITests.xctest */ = {isa = PBXFileReference; explicitFileType = wrapper.cfbundle; includeInIndex = 0; path = YourBJJUITests.xctest; sourceTree = BUILT_PRODUCTS_DIR; };
		64C6F3362F17AC090019AC77 /* AdBannerView.swift */ = {isa = PBXFileReference; lastKnownFileType = sourcecode.swift; path = AdBannerView.swift; sourceTree = "<group>"; };
		64C6F3372F17AC090019AC77 /* AppViewModel.swift */ = {isa = PBXFileReference; lastKnownFileType = sourcecode.swift; path = AppViewModel.swift; sourceTree = "<group>"; };
		64C6F3382F17AC090019AC77 /* Assets.xcassets */ = {isa = PBXFileReference; lastKnownFileType = folder.assetcatalog; path = Assets.xcassets; sourceTree = "<group>"; };
		64C6F3392F17AC090019AC77 /* AuthService.swift */ = {isa = PBXFileReference; lastKnownFileType = sourcecode.swift; path = AuthService.swift; sourceTree = "<group>"; };
		64C6F33A2F17AC090019AC77 /* AuthView.swift */ = {isa = PBXFileReference; lastKnownFileType = sourcecode.swift; path = AuthView.swift; sourceTree = "<group>"; };
		64C6F33B2F17AC090019AC77 /* YourBJJApp.swift */ = {isa = PBXFileReference; lastKnownFileType = sourcecode.swift; path = YourBJJApp.swift; sourceTree = "<group>"; };
		64C6F33C2F17AC090019AC77 /* ContentView.swift */ = {isa = PBXFileReference; lastKnownFileType = sourcecode.swift; path = ContentView.swift; sourceTree = "<group>"; };
		64C6F33D2F17AC090019AC77 /* DiaryDetailView.swift */ = {isa = PBXFileReference; lastKnownFileType = sourcecode.swift; path = DiaryDetailView.swift; sourceTree = "<group>"; };
		64C6F33E2F17AC090019AC77 /* DiaryFormView.swift */ = {isa = PBXFileReference; lastKnownFileType = sourcecode.swift; path = DiaryFormView.swift; sourceTree = "<group>"; };
		64C6F33F2F17AC090019AC77 /* DiaryView.swift */ = {isa = PBXFileReference; lastKnownFileType = sourcecode.swift; path = DiaryView.swift; sourceTree = "<group>"; };
		64C6F3402F17AC090019AC77 /* FlowEditorView.swift */ = {isa = PBXFileReference; lastKnownFileType = sourcecode.swift; path = FlowEditorView.swift; sourceTree = "<group>"; };
		64C6F3412F17AC090019AC77 /* FlowExportView.swift */ = {isa = PBXFileReference; lastKnownFileType = sourcecode.swift; path = FlowExportView.swift; sourceTree = "<group>"; };
		64C6F3422F17AC090019AC77 /* FlowImportView.swift */ = {isa = PBXFileReference; lastKnownFileType = sourcecode.swift; path = FlowImportView.swift; sourceTree = "<group>"; };
		64C6F3432F17AC090019AC77 /* FlowShareView.swift */ = {isa = PBXFileReference; lastKnownFileType = sourcecode.swift; path = FlowShareView.swift; sourceTree = "<group>"; };
		64C6F3442F17AC090019AC77 /* FlowsView.swift */ = {isa = PBXFileReference; lastKnownFileType = sourcecode.swift; path = FlowsView.swift; sourceTree = "<group>"; };
		64C6F3452F17AC090019AC77 /* GroupsView.swift */ = {isa = PBXFileReference; lastKnownFileType = sourcecode.swift; path = GroupsView.swift; sourceTree = "<group>"; };
		64C6F3462F17AC090019AC77 /* HomeView.swift */ = {isa = PBXFileReference; lastKnownFileType = sourcecode.swift; path = HomeView.swift; sourceTree = "<group>"; };
		64C6F3472F17AC090019AC77 /* Models.swift */ = {isa = PBXFileReference; lastKnownFileType = sourcecode.swift; path = Models.swift; sourceTree = "<group>"; };
		64C6F3482F17AC090019AC77 /* NotificationsManager.swift */ = {isa = PBXFileReference; lastKnownFileType = sourcecode.swift; path = NotificationsManager.swift; sourceTree = "<group>"; };
		64C6F3492F17AC090019AC77 /* PremiumManager.swift */ = {isa = PBXFileReference; lastKnownFileType = sourcecode.swift; path = PremiumManager.swift; sourceTree = "<group>"; };
		64C6F34A2F17AC090019AC77 /* SettingsView.swift */ = {isa = PBXFileReference; lastKnownFileType = sourcecode.swift; path = SettingsView.swift; sourceTree = "<group>"; };
		64C6F34B2F17AC090019AC77 /* SharedViews.swift */ = {isa = PBXFileReference; lastKnownFileType = sourcecode.swift; path = SharedViews.swift; sourceTree = "<group>"; };
		64C6F34C2F17AC090019AC77 /* SupabaseService.swift */ = {isa = PBXFileReference; lastKnownFileType = sourcecode.swift; path = SupabaseService.swift; sourceTree = "<group>"; };
		64C6F34D2F17AC090019AC77 /* Tabs.swift */ = {isa = PBXFileReference; lastKnownFileType = sourcecode.swift; path = Tabs.swift; sourceTree = "<group>"; };
		64C6F34E2F17AC090019AC77 /* TechniqueDetailView.swift */ = {isa = PBXFileReference; lastKnownFileType = sourcecode.swift; path = TechniqueDetailView.swift; sourceTree = "<group>"; };
		64C6F34F2F17AC090019AC77 /* TechniqueForm.swift */ = {isa = PBXFileReference; lastKnownFileType = sourcecode.swift; path = TechniqueForm.swift; sourceTree = "<group>"; };
		64C6F3502F17AC090019AC77 /* TechniqueFormView.swift */ = {isa = PBXFileReference; lastKnownFileType = sourcecode.swift; path = TechniqueFormView.swift; sourceTree = "<group>"; };
		64C6F3512F17AC090019AC77 /* TechniquesView.swift */ = {isa = PBXFileReference; lastKnownFileType = sourcecode.swift; path = TechniquesView.swift; sourceTree = "<group>"; };
		64C6F3522F17AC090019AC77 /* Theme.swift */ = {isa = PBXFileReference; lastKnownFileType = sourcecode.swift; path = Theme.swift; sourceTree = "<group>"; };
		64C6F3532F17AC090019AC77 /* TrainingLogForm.swift */ = {isa = PBXFileReference; lastKnownFileType = sourcecode.swift; path = TrainingLogForm.swift; sourceTree = "<group>"; };
		64C6F3542F17AC090019AC77 /* UIHelpers.swift */ = {isa = PBXFileReference; lastKnownFileType = sourcecode.swift; path = UIHelpers.swift; sourceTree = "<group>"; };
		64C6F3762F17C8980019AC77 /* MediaHelpers.swift */ = {isa = PBXFileReference; lastKnownFileType = sourcecode.swift; path = MediaHelpers.swift; sourceTree = "<group>"; };
		64C6F3782F17CA200019AC77 /* NotificationView.swift */ = {isa = PBXFileReference; lastKnownFileType = sourcecode.swift; path = NotificationView.swift; sourceTree = "<group>"; };
		A1B2C3D4E5F60718293A4B5F /* Info.plist */ = {isa = PBXFileReference; lastKnownFileType = text.plist.xml; path = Info.plist; sourceTree = "<group>"; };
/* End PBXFileReference section */

/* Begin PBXFileSystemSynchronizedRootGroup section */
		64C6F2E42F1685C40019AC77 /* YourBJJTests */ = {
			isa = PBXFileSystemSynchronizedRootGroup;
			path = YourBJJTests;
			sourceTree = "<group>";
		};
		64C6F2EE2F1685C40019AC77 /* YourBJJUITests */ = {
			isa = PBXFileSystemSynchronizedRootGroup;
			path = YourBJJUITests;
			sourceTree = "<group>";
		};
/* End PBXFileSystemSynchronizedRootGroup section */

/* Begin PBXFrameworksBuildPhase section */
		64C6F2D12F1685C30019AC77 /* Frameworks */ = {
			isa = PBXFrameworksBuildPhase;
			buildActionMask = 2147483647;
			files = (
				A1B2C3D4E5F60718293A4B5E /* GoogleMobileAds in Frameworks */,
			);
			runOnlyForDeploymentPostprocessing = 0;
		};
		64C6F2DE2F1685C40019AC77 /* Frameworks */ = {
			isa = PBXFrameworksBuildPhase;
			buildActionMask = 2147483647;
			files = (
			);
			runOnlyForDeploymentPostprocessing = 0;
		};
		64C6F2E82F1685C40019AC77 /* Frameworks */ = {
			isa = PBXFrameworksBuildPhase;
			buildActionMask = 2147483647;
			files = (
			);
			runOnlyForDeploymentPostprocessing = 0;
		};
/* End PBXFrameworksBuildPhase section */

/* Begin PBXGroup section */
		64C6F2CB2F1685C30019AC77 = {
			isa = PBXGroup;
			children = (
				64C6F3552F17AC090019AC77 /* YourBJJ */,
				64C6F2E42F1685C40019AC77 /* YourBJJTests */,
				64C6F2EE2F1685C40019AC77 /* YourBJJUITests */,
				64C6F2D52F1685C30019AC77 /* Products */,
			);
			sourceTree = "<group>";
		};
		64C6F2D52F1685C30019AC77 /* Products */ = {
			isa = PBXGroup;
			children = (
				64C6F2D42F1685C30019AC77 /* YourBJJ.app */,
				64C6F2E12F1685C40019AC77 /* YourBJJTests.xctest */,
				64C6F2EB2F1685C40019AC77 /* YourBJJUITests.xctest */,
			);
			name = Products;
			sourceTree = "<group>";
		};
		64C6F3552F17AC090019AC77 /* YourBJJ */ = {
			isa = PBXGroup;
			children = (
				A1B2C3D4E5F60718293A4B5F /* Info.plist */,
				64C6F3782F17CA200019AC77 /* NotificationView.swift */,
				64C6F3762F17C8980019AC77 /* MediaHelpers.swift */,
				64C6F3362F17AC090019AC77 /* AdBannerView.swift */,
				64C6F3372F17AC090019AC77 /* AppViewModel.swift */,
				64C6F3382F17AC090019AC77 /* Assets.xcassets */,
				64C6F3392F17AC090019AC77 /* AuthService.swift */,
				64C6F33A2F17AC090019AC77 /* AuthView.swift */,
				64C6F33B2F17AC090019AC77 /* YourBJJApp.swift */,
				64C6F33C2F17AC090019AC77 /* ContentView.swift */,
				64C6F33D2F17AC090019AC77 /* DiaryDetailView.swift */,
				64C6F33E2F17AC090019AC77 /* DiaryFormView.swift */,
				64C6F33F2F17AC090019AC77 /* DiaryView.swift */,
				64C6F3402F17AC090019AC77 /* FlowEditorView.swift */,
				64C6F3412F17AC090019AC77 /* FlowExportView.swift */,
				64C6F3422F17AC090019AC77 /* FlowImportView.swift */,
				64C6F3432F17AC090019AC77 /* FlowShareView.swift */,
				64C6F3442F17AC090019AC77 /* FlowsView.swift */,
				64C6F3452F17AC090019AC77 /* GroupsView.swift */,
				64C6F3462F17AC090019AC77 /* HomeView.swift */,
				09D15D348176408CBBE5F5FE /* LaunchScreen.swift */,
				64C6F3472F17AC090019AC77 /* Models.swift */,
				64C6F3482F17AC090019AC77 /* NotificationsManager.swift */,
				64C6F3492F17AC090019AC77 /* PremiumManager.swift */,
				5C47D0EDC65769007DE9DE43 /* PrivacyPolicyView.swift */,
				66095D0FE7267251BDB13C9C /* TermsView.swift */,
				64C6F34A2F17AC090019AC77 /* SettingsView.swift */,
				64C6F34B2F17AC090019AC77 /* SharedViews.swift */,
				64C6F34C2F17AC090019AC77 /* SupabaseService.swift */,
				64C6F34D2F17AC090019AC77 /* Tabs.swift */,
				64C6F34E2F17AC090019AC77 /* TechniqueDetailView.swift */,
				64C6F34F2F17AC090019AC77 /* TechniqueForm.swift */,
				64C6F3502F17AC090019AC77 /* TechniqueFormView.swift */,
				64C6F3512F17AC090019AC77 /* TechniquesView.swift */,
				64C6F3522F17AC090019AC77 /* Theme.swift */,
				64C6F3532F17AC090019AC77 /* TrainingLogForm.swift */,
				64C6F3542F17AC090019AC77 /* UIHelpers.swift */,
			);
			path = YourBJJ;
			sourceTree = "<group>";
		};
/* End PBXGroup section */

/* Begin PBXNativeTarget section */
		64C6F2D32F1685C30019AC77 /* YourBJJ */ = {
			isa = PBXNativeTarget;
			buildConfigurationList = 64C6F2F52F1685C40019AC77 /* Build configuration list for PBXNativeTarget "YourBJJ" */;
			buildPhases = (
				64C6F2D02F1685C30019AC77 /* Sources */,
				64C6F2D12F1685C30019AC77 /* Frameworks */,
				64C6F2D22F1685C30019AC77 /* Resources */,
			);
			buildRules = (
			);
			dependencies = (
			);
			name = YourBJJ;
			packageProductDependencies = (
				A1B2C3D4E5F60718293A4B5D /* GoogleMobileAds */,
			);
			productName = YourBJJ;
			productReference = 64C6F2D42F1685C30019AC77 /* YourBJJ.app */;
			productType = "com.apple.product-type.application";
		};
		64C6F2E02F1685C40019AC77 /* YourBJJTests */ = {
			isa = PBXNativeTarget;
			buildConfigurationList = 64C6F2F82F1685C40019AC77 /* Build configuration list for PBXNativeTarget "YourBJJTests" */;
			buildPhases = (
				64C6F2DD2F1685C40019AC77 /* Sources */,
				64C6F2DE2F1685C40019AC77 /* Frameworks */,
				64C6F2DF2F1685C40019AC77 /* Resources */,
			);
			buildRules = (
			);
			dependencies = (
				64C6F2E32F1685C40019AC77 /* PBXTargetDependency */,
			);
			fileSystemSynchronizedGroups = (
				64C6F2E42F1685C40019AC77 /* YourBJJTests */,
			);
			name = YourBJJTests;
			packageProductDependencies = (
			);
			productName = YourBJJTests;
			productReference = 64C6F2E12F1685C40019AC77 /* YourBJJTests.xctest */;
			productType = "com.apple.product-type.bundle.unit-test";
		};
		64C6F2EA2F1685C40019AC77 /* YourBJJUITests */ = {
			isa = PBXNativeTarget;
			buildConfigurationList = 64C6F2FB2F1685C40019AC77 /* Build configuration list for PBXNativeTarget "YourBJJUITests" */;
			buildPhases = (
				64C6F2E72F1685C40019AC77 /* Sources */,
				64C6F2E82F1685C40019AC77 /* Frameworks */,
				64C6F2E92F1685C40019AC77 /* Resources */,
			);
			buildRules = (
			);
			dependencies = (
				64C6F2ED2F1685C40019AC77 /* PBXTargetDependency */,
			);
			fileSystemSynchronizedGroups = (
				64C6F2EE2F1685C40019AC77 /* YourBJJUITests */,
			);
			name = YourBJJUITests;
			packageProductDependencies = (
			);
			productName = YourBJJUITests;
			productReference = 64C6F2EB2F1685C40019AC77 /* YourBJJUITests.xctest */;
			productType = "com.apple.product-type.bundle.ui-testing";
		};
/* End PBXNativeTarget section */

/* Begin PBXProject section */
		64C6F2CC2F1685C30019AC77 /* Project object */ = {
			isa = PBXProject;
			attributes = {
				BuildIndependentTargetsInParallel = 1;
				LastSwiftUpdateCheck = 2620;
				LastUpgradeCheck = 2620;
				TargetAttributes = {
					64C6F2D32F1685C30019AC77 = {
						CreatedOnToolsVersion = 26.2;
					};
					64C6F2E02F1685C40019AC77 = {
						CreatedOnToolsVersion = 26.2;
						TestTargetID = 64C6F2D32F1685C30019AC77;
					};
					64C6F2EA2F1685C40019AC77 = {
						CreatedOnToolsVersion = 26.2;
						TestTargetID = 64C6F2D32F1685C30019AC77;
					};
				};
			};
			buildConfigurationList = 64C6F2CF2F1685C30019AC77 /* Build configuration list for PBXProject "YourBJJ" */;
			developmentRegion = en;
			hasScannedForEncodings = 0;
			knownRegions = (
				en,
				Base,
			);
			mainGroup = 64C6F2CB2F1685C30019AC77;
			minimizedProjectReferenceProxies = 1;
			packageReferences = (
				A1B2C3D4E5F60718293A4B5C /* XCRemoteSwiftPackageReference "swift-package-manager-google-mobile-ads" */,
			);
			preferredProjectObjectVersion = 77;
			productRefGroup = 64C6F2D52F1685C30019AC77 /* Products */;
			projectDirPath = "";
			projectRoot = "";
			targets = (
				64C6F2D32F1685C30019AC77 /* YourBJJ */,
				64C6F2E02F1685C40019AC77 /* YourBJJTests */,
				64C6F2EA2F1685C40019AC77 /* YourBJJUITests */,
			);
		};
/* End PBXProject section */

/* Begin PBXResourcesBuildPhase section */
		64C6F2D22F1685C30019AC77 /* Resources */ = {
			isa = PBXResourcesBuildPhase;
			buildActionMask = 2147483647;
			files = (
				64C6F3562F17AC090019AC77 /* Assets.xcassets in Resources */,
			);
			runOnlyForDeploymentPostprocessing = 0;
		};
		64C6F2DF2F1685C40019AC77 /* Resources */ = {
			isa = PBXResourcesBuildPhase;
			buildActionMask = 2147483647;
			files = (
			);
			runOnlyForDeploymentPostprocessing = 0;
		};
		64C6F2E92F1685C40019AC77 /* Resources */ = {
			isa = PBXResourcesBuildPhase;
			buildActionMask = 2147483647;
			files = (
			);
			runOnlyForDeploymentPostprocessing = 0;
		};
/* End PBXResourcesBuildPhase section */

/* Begin PBXSourcesBuildPhase section */
		64C6F2D02F1685C30019AC77 /* Sources */ = {
			isa = PBXSourcesBuildPhase;
			buildActionMask = 2147483647;
			files = (
				E97FCC00DFFF4B2448DCBBFD /* TermsView.swift in Sources */,
				8719EABC26E26CB8A553140E /* PrivacyPolicyView.swift in Sources */,
				64C6F3572F17AC090019AC77 /* FlowImportView.swift in Sources */,
				64C6F3582F17AC090019AC77 /* DiaryFormView.swift in Sources */,
				64C6F3592F17AC090019AC77 /* YourBJJApp.swift in Sources */,
				64C6F35A2F17AC090019AC77 /* FlowsView.swift in Sources */,
				64C6F35B2F17AC090019AC77 /* TechniqueDetailView.swift in Sources */,
				64C6F35C2F17AC090019AC77 /* Theme.swift in Sources */,
				64C6F35D2F17AC090019AC77 /* Tabs.swift in Sources */,
				64C6F35E2F17AC090019AC77 /* PremiumManager.swift in Sources */,
				64C6F35F2F17AC090019AC77 /* DiaryView.swift in Sources */,
				64C6F3602F17AC090019AC77 /* TechniqueFormView.swift in Sources */,
				64C6F3612F17AC090019AC77 /* SettingsView.swift in Sources */,
				64C6F3622F17AC090019AC77 /* FlowExportView.swift in Sources */,
				64C6F3632F17AC090019AC77 /* GroupsView.swift in Sources */,
				64C6F3642F17AC090019AC77 /* Models.swift in Sources */,
				64C6F3652F17AC090019AC77 /* SupabaseService.swift in Sources */,
				64C6F3662F17AC090019AC77 /* AuthView.swift in Sources */,
				64C6F3672F17AC090019AC77 /* TechniqueForm.swift in Sources */,
				64C6F3682F17AC090019AC77 /* SharedViews.swift in Sources */,
				64C6F3692F17AC090019AC77 /* TrainingLogForm.swift in Sources */,
				64C6F3792F17CA200019AC77 /* NotificationView.swift in Sources */,
				64C6F36A2F17AC090019AC77 /* UIHelpers.swift in Sources */,
				64C6F36B2F17AC090019AC77 /* ContentView.swift in Sources */,
				64C6F36C2F17AC090019AC77 /* FlowEditorView.swift in Sources */,
				64C6F3772F17C8980019AC77 /* MediaHelpers.swift in Sources */,
				64C6F36D2F17AC090019AC77 /* NotificationsManager.swift in Sources */,
				64C6F36E2F17AC090019AC77 /* AuthService.swift in Sources */,
				64C6F36F2F17AC090019AC77 /* TechniquesView.swift in Sources */,
				64C6F3702F17AC090019AC77 /* DiaryDetailView.swift in Sources */,
				64C6F3712F17AC090019AC77 /* AdBannerView.swift in Sources */,
				64C6F3722F17AC090019AC77 /* FlowShareView.swift in Sources */,
				64C6F3732F17AC090019AC77 /* HomeView.swift in Sources */,
				10AC3B03F6974CE6851AD458 /* LaunchScreen.swift in Sources */,
				64C6F3742F17AC090019AC77 /* AppViewModel.swift in Sources */,
			);
			runOnlyForDeploymentPostprocessing = 0;
		};
		64C6F2DD2F1685C40019AC77 /* Sources */ = {
			isa = PBXSourcesBuildPhase;
			buildActionMask = 2147483647;
			files = (
			);
			runOnlyForDeploymentPostprocessing = 0;
		};
		64C6F2E72F1685C40019AC77 /* Sources */ = {
			isa = PBXSourcesBuildPhase;
			buildActionMask = 2147483647;
			files = (
			);
			runOnlyForDeploymentPostprocessing = 0;
		};
/* End PBXSourcesBuildPhase section */

/* Begin PBXTargetDependency section */
		64C6F2E32F1685C40019AC77 /* PBXTargetDependency */ = {
			isa = PBXTargetDependency;
			target = 64C6F2D32F1685C30019AC77 /* YourBJJ */;
			targetProxy = 64C6F2E22F1685C40019AC77 /* PBXContainerItemProxy */;
		};
		64C6F2ED2F1685C40019AC77 /* PBXTargetDependency */ = {
			isa = PBXTargetDependency;
			target = 64C6F2D32F1685C30019AC77 /* YourBJJ */;
			targetProxy = 64C6F2EC2F1685C40019AC77 /* PBXContainerItemProxy */;
		};
/* End PBXTargetDependency section */

/* Begin XCBuildConfiguration section */
		64C6F2F32F1685C40019AC77 /* Debug */ = {
			isa = XCBuildConfiguration;
			buildSettings = {
				ALWAYS_SEARCH_USER_PATHS = NO;
				ASSETCATALOG_COMPILER_GENERATE_SWIFT_ASSET_SYMBOL_EXTENSIONS = YES;
				CLANG_ANALYZER_NONNULL = YES;
				CLANG_ANALYZER_NUMBER_OBJECT_CONVERSION = YES_AGGRESSIVE;
				CLANG_CXX_LANGUAGE_STANDARD = "gnu++20";
				CLANG_ENABLE_MODULES = YES;
				CLANG_ENABLE_OBJC_ARC = YES;
				CLANG_ENABLE_OBJC_WEAK = YES;
				CLANG_WARN_BLOCK_CAPTURE_AUTORELEASING = YES;
				CLANG_WARN_BOOL_CONVERSION = YES;
				CLANG_WARN_COMMA = YES;
				CLANG_WARN_CONSTANT_CONVERSION = YES;
				CLANG_WARN_DEPRECATED_OBJC_IMPLEMENTATIONS = YES;
				CLANG_WARN_DIRECT_OBJC_ISA_USAGE = YES_ERROR;
				CLANG_WARN_DOCUMENTATION_COMMENTS = YES;
				CLANG_WARN_EMPTY_BODY = YES;
				CLANG_WARN_ENUM_CONVERSION = YES;
				CLANG_WARN_INFINITE_RECURSION = YES;
				CLANG_WARN_INT_CONVERSION = YES;
				CLANG_WARN_NON_LITERAL_NULL_CONVERSION = YES;
				CLANG_WARN_OBJC_IMPLICIT_RETAIN_SELF = YES;
				CLANG_WARN_OBJC_LITERAL_CONVERSION = YES;
				CLANG_WARN_OBJC_ROOT_CLASS = YES_ERROR;
				CLANG_WARN_QUOTED_INCLUDE_IN_FRAMEWORK_HEADER = YES;
				CLANG_WARN_RANGE_LOOP_ANALYSIS = YES;
				CLANG_WARN_STRICT_PROTOTYPES = YES;
				CLANG_WARN_SUSPICIOUS_MOVE = YES;
				CLANG_WARN_UNGUARDED_AVAILABILITY = YES_AGGRESSIVE;
				CLANG_WARN_UNREACHABLE_CODE = YES;
				CLANG_WARN__DUPLICATE_METHOD_MATCH = YES;
				COPY_PHASE_STRIP = NO;
				DEBUG_INFORMATION_FORMAT = dwarf;
				DEVELOPMENT_TEAM = QATVT6D69Q;
				ENABLE_STRICT_OBJC_MSGSEND = YES;
				ENABLE_TESTABILITY = YES;
				ENABLE_USER_SCRIPT_SANDBOXING = YES;
				GCC_C_LANGUAGE_STANDARD = gnu17;
				GCC_DYNAMIC_NO_PIC = NO;
				GCC_NO_COMMON_BLOCKS = YES;
				GCC_OPTIMIZATION_LEVEL = 0;
				GCC_PREPROCESSOR_DEFINITIONS = (
					"DEBUG=1",
					"$(inherited)",
				);
				GCC_WARN_64_TO_32_BIT_CONVERSION = YES;
				GCC_WARN_ABOUT_RETURN_TYPE = YES_ERROR;
				GCC_WARN_UNDECLARED_SELECTOR = YES;
				GCC_WARN_UNINITIALIZED_AUTOS = YES_AGGRESSIVE;
				GCC_WARN_UNUSED_FUNCTION = YES;
				GCC_WARN_UNUSED_VARIABLE = YES;
				IPHONEOS_DEPLOYMENT_TARGET = 26.2;
				LOCALIZATION_PREFERS_STRING_CATALOGS = YES;
				MTL_ENABLE_DEBUG_INFO = INCLUDE_SOURCE;
				MTL_FAST_MATH = YES;
				ONLY_ACTIVE_ARCH = YES;
				SDKROOT = iphoneos;
				SWIFT_ACTIVE_COMPILATION_CONDITIONS = "DEBUG $(inherited)";
				SWIFT_OPTIMIZATION_LEVEL = "-Onone";
			};
			name = Debug;
		};
		64C6F2F42F1685C40019AC77 /* Release */ = {
			isa = XCBuildConfiguration;
			buildSettings = {
				ALWAYS_SEARCH_USER_PATHS = NO;
				ASSETCATALOG_COMPILER_GENERATE_SWIFT_ASSET_SYMBOL_EXTENSIONS = YES;
				CLANG_ANALYZER_NONNULL = YES;
				CLANG_ANALYZER_NUMBER_OBJECT_CONVERSION = YES_AGGRESSIVE;
				CLANG_CXX_LANGUAGE_STANDARD = "gnu++20";
				CLANG_ENABLE_MODULES = YES;
				CLANG_ENABLE_OBJC_ARC = YES;
				CLANG_ENABLE_OBJC_WEAK = YES;
				CLANG_WARN_BLOCK_CAPTURE_AUTORELEASING = YES;
				CLANG_WARN_BOOL_CONVERSION = YES;
				CLANG_WARN_COMMA = YES;
				CLANG_WARN_CONSTANT_CONVERSION = YES;
				CLANG_WARN_DEPRECATED_OBJC_IMPLEMENTATIONS = YES;
				CLANG_WARN_DIRECT_OBJC_ISA_USAGE = YES_ERROR;
				CLANG_WARN_DOCUMENTATION_COMMENTS = YES;
				CLANG_WARN_EMPTY_BODY = YES;
				CLANG_WARN_ENUM_CONVERSION = YES;
				CLANG_WARN_INFINITE_RECURSION = YES;
				CLANG_WARN_INT_CONVERSION = YES;
				CLANG_WARN_NON_LITERAL_NULL_CONVERSION = YES;
				CLANG_WARN_OBJC_IMPLICIT_RETAIN_SELF = YES;
				CLANG_WARN_OBJC_LITERAL_CONVERSION = YES;
				CLANG_WARN_OBJC_ROOT_CLASS = YES_ERROR;
				CLANG_WARN_QUOTED_INCLUDE_IN_FRAMEWORK_HEADER = YES;
				CLANG_WARN_RANGE_LOOP_ANALYSIS = YES;
				CLANG_WARN_STRICT_PROTOTYPES = YES;
				CLANG_WARN_SUSPICIOUS_MOVE = YES;
				CLANG_WARN_UNGUARDED_AVAILABILITY = YES_AGGRESSIVE;
				CLANG_WARN_UNREACHABLE_CODE = YES;
				CLANG_WARN__DUPLICATE_METHOD_MATCH = YES;
				COPY_PHASE_STRIP = NO;
				DEBUG_INFORMATION_FORMAT = "dwarf-with-dsym";
				DEVELOPMENT_TEAM = QATVT6D69Q;
				ENABLE_NS_ASSERTIONS = NO;
				ENABLE_STRICT_OBJC_MSGSEND = YES;
				ENABLE_USER_SCRIPT_SANDBOXING = YES;
				GCC_C_LANGUAGE_STANDARD = gnu17;
				GCC_NO_COMMON_BLOCKS = YES;
				GCC_WARN_64_TO_32_BIT_CONVERSION = YES;
				GCC_WARN_ABOUT_RETURN_TYPE = YES_ERROR;
				GCC_WARN_UNDECLARED_SELECTOR = YES;
				GCC_WARN_UNINITIALIZED_AUTOS = YES_AGGRESSIVE;
				GCC_WARN_UNUSED_FUNCTION = YES;
				GCC_WARN_UNUSED_VARIABLE = YES;
				IPHONEOS_DEPLOYMENT_TARGET = 26.2;
				LOCALIZATION_PREFERS_STRING_CATALOGS = YES;
				MTL_ENABLE_DEBUG_INFO = NO;
				MTL_FAST_MATH = YES;
				SDKROOT = iphoneos;
				SWIFT_COMPILATION_MODE = wholemodule;
				VALIDATE_PRODUCT = YES;
			};
			name = Release;
		};
		64C6F2F62F1685C40019AC77 /* Debug */ = {
			isa = XCBuildConfiguration;
			buildSettings = {
				ASSETCATALOG_COMPILER_APPICON_NAME = AppIcon;
				ASSETCATALOG_COMPILER_GLOBAL_ACCENT_COLOR_NAME = AccentColor;
				CODE_SIGN_STYLE = Automatic;
				CURRENT_PROJECT_VERSION = 1;
				DEVELOPMENT_TEAM = QATVT6D69Q;
				ENABLE_PREVIEWS = YES;
				GENERATE_INFOPLIST_FILE = YES;
				INFOPLIST_FILE = YourBJJ/Info.plist;
				INFOPLIST_KEY_GADApplicationIdentifier = "ca-app-pub-3940256099942544~1458002511";
				INFOPLIST_KEY_NSPhotoLibraryUsageDescription = "トレーニング動画を保存・表示するために写真ライブラリへのアクセスが必要です";
				INFOPLIST_KEY_UIApplicationSceneManifest_Generation = YES;
				INFOPLIST_KEY_UIApplicationSupportsIndirectInputEvents = YES;
				INFOPLIST_KEY_UILaunchScreen_Generation = YES;
				INFOPLIST_KEY_UISupportedInterfaceOrientations_iPad = "UIInterfaceOrientationPortrait";
				INFOPLIST_KEY_UISupportedInterfaceOrientations_iPhone = "UIInterfaceOrientationPortrait";
				LD_RUNPATH_SEARCH_PATHS = (
					"$(inherited)",
					"@executable_path/Frameworks",
				);
				MARKETING_VERSION = 1.0;
				PRODUCT_BUNDLE_IDENTIFIER = shopreme.YourBJJ;
				PRODUCT_NAME = "$(TARGET_NAME)";
				STRING_CATALOG_GENERATE_SYMBOLS = YES;
				SWIFT_APPROACHABLE_CONCURRENCY = YES;
				SWIFT_DEFAULT_ACTOR_ISOLATION = MainActor;
				SWIFT_EMIT_LOC_STRINGS = YES;
				SWIFT_UPCOMING_FEATURE_MEMBER_IMPORT_VISIBILITY = YES;
				SWIFT_VERSION = 5.0;
				TARGETED_DEVICE_FAMILY = "1,2";
			};
			name = Debug;
		};
		64C6F2F72F1685C40019AC77 /* Release */ = {
			isa = XCBuildConfiguration;
			buildSettings = {
				ASSETCATALOG_COMPILER_APPICON_NAME = AppIcon;
				ASSETCATALOG_COMPILER_GLOBAL_ACCENT_COLOR_NAME = AccentColor;
				CODE_SIGN_STYLE = Automatic;
				CURRENT_PROJECT_VERSION = 1;
				DEVELOPMENT_TEAM = QATVT6D69Q;
				ENABLE_PREVIEWS = YES;
				GENERATE_INFOPLIST_FILE = YES;
				INFOPLIST_FILE = YourBJJ/Info.plist;
				INFOPLIST_KEY_GADApplicationIdentifier = "ca-app-pub-3940256099942544~1458002511";
				INFOPLIST_KEY_NSPhotoLibraryUsageDescription = "トレーニング動画を保存・表示するために写真ライブラリへのアクセスが必要です";
				INFOPLIST_KEY_UIApplicationSceneManifest_Generation = YES;
				INFOPLIST_KEY_UIApplicationSupportsIndirectInputEvents = YES;
				INFOPLIST_KEY_UILaunchScreen_Generation = YES;
				INFOPLIST_KEY_UISupportedInterfaceOrientations_iPad = "UIInterfaceOrientationPortrait";
				INFOPLIST_KEY_UISupportedInterfaceOrientations_iPhone = "UIInterfaceOrientationPortrait";
				LD_RUNPATH_SEARCH_PATHS = (
					"$(inherited)",
					"@executable_path/Frameworks",
				);
				MARKETING_VERSION = 1.0;
				PRODUCT_BUNDLE_IDENTIFIER = shopreme.YourBJJ;
				PRODUCT_NAME = "$(TARGET_NAME)";
				STRING_CATALOG_GENERATE_SYMBOLS = YES;
				SWIFT_APPROACHABLE_CONCURRENCY = YES;
				SWIFT_DEFAULT_ACTOR_ISOLATION = MainActor;
				SWIFT_EMIT_LOC_STRINGS = YES;
				SWIFT_UPCOMING_FEATURE_MEMBER_IMPORT_VISIBILITY = YES;
				SWIFT_VERSION = 5.0;
				TARGETED_DEVICE_FAMILY = "1,2";
			};
			name = Release;
		};
		64C6F2F92F1685C40019AC77 /* Debug */ = {
			isa = XCBuildConfiguration;
			buildSettings = {
				BUNDLE_LOADER = "$(TEST_HOST)";
				CODE_SIGN_STYLE = Automatic;
				CURRENT_PROJECT_VERSION = 1;
				DEVELOPMENT_TEAM = QATVT6D69Q;
				GENERATE_INFOPLIST_FILE = YES;
				IPHONEOS_DEPLOYMENT_TARGET = 26.2;
				MARKETING_VERSION = 1.0;
				PRODUCT_BUNDLE_IDENTIFIER = shopreme.YourBJJTests;
				PRODUCT_NAME = "$(TARGET_NAME)";
				STRING_CATALOG_GENERATE_SYMBOLS = NO;
				SWIFT_APPROACHABLE_CONCURRENCY = YES;
				SWIFT_EMIT_LOC_STRINGS = NO;
				SWIFT_UPCOMING_FEATURE_MEMBER_IMPORT_VISIBILITY = YES;
				SWIFT_VERSION = 5.0;
				TARGETED_DEVICE_FAMILY = "1,2";
				TEST_HOST = "$(BUILT_PRODUCTS_DIR)/YourBJJ.app/$(BUNDLE_EXECUTABLE_FOLDER_PATH)/YourBJJ";
			};
			name = Debug;
		};
		64C6F2FA2F1685C40019AC77 /* Release */ = {
			isa = XCBuildConfiguration;
			buildSettings = {
				BUNDLE_LOADER = "$(TEST_HOST)";
				CODE_SIGN_STYLE = Automatic;
				CURRENT_PROJECT_VERSION = 1;
				DEVELOPMENT_TEAM = QATVT6D69Q;
				GENERATE_INFOPLIST_FILE = YES;
				IPHONEOS_DEPLOYMENT_TARGET = 26.2;
				MARKETING_VERSION = 1.0;
				PRODUCT_BUNDLE_IDENTIFIER = shopreme.YourBJJTests;
				PRODUCT_NAME = "$(TARGET_NAME)";
				STRING_CATALOG_GENERATE_SYMBOLS = NO;
				SWIFT_APPROACHABLE_CONCURRENCY = YES;
				SWIFT_EMIT_LOC_STRINGS = NO;
				SWIFT_UPCOMING_FEATURE_MEMBER_IMPORT_VISIBILITY = YES;
				SWIFT_VERSION = 5.0;
				TARGETED_DEVICE_FAMILY = "1,2";
				TEST_HOST = "$(BUILT_PRODUCTS_DIR)/YourBJJ.app/$(BUNDLE_EXECUTABLE_FOLDER_PATH)/YourBJJ";
			};
			name = Release;
		};
		64C6F2FC2F1685C40019AC77 /* Debug */ = {
			isa = XCBuildConfiguration;
			buildSettings = {
				CODE_SIGN_STYLE = Automatic;
				CURRENT_PROJECT_VERSION = 1;
				DEVELOPMENT_TEAM = QATVT6D69Q;
				GENERATE_INFOPLIST_FILE = YES;
				MARKETING_VERSION = 1.0;
				PRODUCT_BUNDLE_IDENTIFIER = shopreme.YourBJJUITests;
				PRODUCT_NAME = "$(TARGET_NAME)";
				STRING_CATALOG_GENERATE_SYMBOLS = NO;
				SWIFT_APPROACHABLE_CONCURRENCY = YES;
				SWIFT_EMIT_LOC_STRINGS = NO;
				SWIFT_UPCOMING_FEATURE_MEMBER_IMPORT_VISIBILITY = YES;
				SWIFT_VERSION = 5.0;
				TARGETED_DEVICE_FAMILY = "1,2";
				TEST_TARGET_NAME = YourBJJ;
			};
			name = Debug;
		};
		64C6F2FD2F1685C40019AC77 /* Release */ = {
			isa = XCBuildConfiguration;
			buildSettings = {
				CODE_SIGN_STYLE = Automatic;
				CURRENT_PROJECT_VERSION = 1;
				DEVELOPMENT_TEAM = QATVT6D69Q;
				GENERATE_INFOPLIST_FILE = YES;
				MARKETING_VERSION = 1.0;
				PRODUCT_BUNDLE_IDENTIFIER = shopreme.YourBJJUITests;
				PRODUCT_NAME = "$(TARGET_NAME)";
				STRING_CATALOG_GENERATE_SYMBOLS = NO;
				SWIFT_APPROACHABLE_CONCURRENCY = YES;
				SWIFT_EMIT_LOC_STRINGS = NO;
				SWIFT_UPCOMING_FEATURE_MEMBER_IMPORT_VISIBILITY = YES;
				SWIFT_VERSION = 5.0;
				TARGETED_DEVICE_FAMILY = "1,2";
				TEST_TARGET_NAME = YourBJJ;
			};
			name = Release;
		};
/* End XCBuildConfiguration section */

/* Begin XCConfigurationList section */
		64C6F2CF2F1685C30019AC77 /* Build configuration list for PBXProject "YourBJJ" */ = {
			isa = XCConfigurationList;
			buildConfigurations = (
				64C6F2F32F1685C40019AC77 /* Debug */,
				64C6F2F42F1685C40019AC77 /* Release */,
			);
			defaultConfigurationIsVisible = 0;
			defaultConfigurationName = Release;
		};
		64C6F2F52F1685C40019AC77 /* Build configuration list for PBXNativeTarget "YourBJJ" */ = {
			isa = XCConfigurationList;
			buildConfigurations = (
				64C6F2F62F1685C40019AC77 /* Debug */,
				64C6F2F72F1685C40019AC77 /* Release */,
			);
			defaultConfigurationIsVisible = 0;
			defaultConfigurationName = Release;
		};
		64C6F2F82F1685C40019AC77 /* Build configuration list for PBXNativeTarget "YourBJJTests" */ = {
			isa = XCConfigurationList;
			buildConfigurations = (
				64C6F2F92F1685C40019AC77 /* Debug */,
				64C6F2FA2F1685C40019AC77 /* Release */,
			);
			defaultConfigurationIsVisible = 0;
			defaultConfigurationName = Release;
		};
		64C6F2FB2F1685C40019AC77 /* Build configuration list for PBXNativeTarget "YourBJJUITests" */ = {
			isa = XCConfigurationList;
			buildConfigurations = (
				64C6F2FC2F1685C40019AC77 /* Debug */,
				64C6F2FD2F1685C40019AC77 /* Release */,
			);
			defaultConfigurationIsVisible = 0;
			defaultConfigurationName = Release;
		};
/* End XCConfigurationList section */

/* Begin XCRemoteSwiftPackageReference section */
		A1B2C3D4E5F60718293A4B5C /* XCRemoteSwiftPackageReference "swift-package-manager-google-mobile-ads" */ = {
			isa = XCRemoteSwiftPackageReference;
			repositoryURL = "https://github.com/googleads/swift-package-manager-google-mobile-ads.git";
			requirement = {
				kind = upToNextMajorVersion;
				minimumVersion = 11.0.0;
			};
		};
/* End XCRemoteSwiftPackageReference section */

/* Begin XCSwiftPackageProductDependency section */
		A1B2C3D4E5F60718293A4B5D /* GoogleMobileAds */ = {
			isa = XCSwiftPackageProductDependency;
			package = A1B2C3D4E5F60718293A4B5C /* XCRemoteSwiftPackageReference "swift-package-manager-google-mobile-ads" */;
			productName = GoogleMobileAds;
		};
/* End XCSwiftPackageProductDependency section */
	};
	rootObject = 64C6F2CC2F1685C30019AC77 /* Project object */;
}
